
Microsoft Visual Studio Solution File, Format Version 12.00
# Visual Studio 15
VisualStudioVersion = 15.0.27703.2047
MinimumVisualStudioVersion = 10.0.40219.1
Project("{FAE04EC0-301F-11D3-BF4B-00C04F79EFBC}") = "MVC", "SecondHandStoreASPNET_Project\MVC.csproj", "{050B5660-71EA-409B-95A3-66AEB11B471E}"
EndProject
Project("{FAE04EC0-301F-11D3-BF4B-00C04F79EFBC}") = "Models", "Models\Models.csproj", "{66510FC9-51D6-480F-B1D1-D8616F6BB83F}"
EndProject
Project("{FAE04EC0-301F-11D3-BF4B-00C04F79EFBC}") = "DAL", "DAL\DAL.csproj", "{988D2393-5CD1-4F28-88FA-1F82402E428D}"
EndProject
Global
	GlobalSection(SolutionConfigurationPlatforms) = preSolution
		Debug|Any CPU = Debug|Any CPU
		Release|Any CPU = Release|Any CPU
	EndGlobalSection
	GlobalSection(ProjectConfigurationPlatforms) = postSolution
		{050B5660-71EA-409B-95A3-66AEB11B471E}.Debug|Any CPU.ActiveCfg = Debug|Any CPU
		{050B5660-71EA-409B-95A3-66AEB11B471E}.Debug|Any CPU.Build.0 = Debug|Any CPU
		{050B5660-71EA-409B-95A3-66AEB11B471E}.Release|Any CPU.ActiveCfg = Release|Any CPU
		{050B5660-71EA-409B-95A3-66AEB11B471E}.Release|Any CPU.Build.0 = Release|Any CPU
		{66510FC9-51D6-480F-B1D1-D8616F6BB83F}.Debug|Any CPU.ActiveCfg = Debug|Any CPU
		{66510FC9-51D6-480F-B1D1-D8616F6BB83F}.Debug|Any CPU.Build.0 = Debug|Any CPU
		{66510FC9-51D6-480F-B1D1-D8616F6BB83F}.Release|Any CPU.ActiveCfg = Release|Any CPU
		{66510FC9-51D6-480F-B1D1-D8616F6BB83F}.Release|Any CPU.Build.0 = Release|Any CPU
		{988D2393-5CD1-4F28-88FA-1F82402E428D}.Debug|Any CPU.ActiveCfg = Debug|Any CPU
		{988D2393-5CD1-4F28-88FA-1F82402E428D}.Debug|Any CPU.Build.0 = Debug|Any CPU
		{988D2393-5CD1-4F28-88FA-1F82402E428D}.Release|Any CPU.ActiveCfg = Release|Any CPU
		{988D2393-5CD1-4F28-88FA-1F82402E428D}.Release|Any CPU.Build.0 = Release|Any CPU
	EndGlobalSection
	GlobalSection(SolutionProperties) = preSolution
		HideSolutionNode = FALSE
	EndGlobalSection
	GlobalSection(ExtensibilityGlobals) = postSolution
		SolutionGuid = {143F62C3-964A-4309-A6FA-C31D8EFA1416}
	EndGlobalSection
EndGlobal
